// !$*UTF8*$!
{
	archiveVersion = 1;
	classes = {
	};
	objectVersion = 56;
	objects = {

/* Begin PBXBuildFile section */
		C63C9D622BE18C8A007A7144 /* Category.swift in Sources */ = {isa = PBXBuildFile; fileRef = C63C9D612BE18C8A007A7144 /* Category.swift */; };
		C63C9D642BE18CC6007A7144 /* Transaction.swift in Sources */ = {isa = PBXBuildFile; fileRef = C63C9D632BE18CC6007A7144 /* Transaction.swift */; };
		C63C9D662BE18DC3007A7144 /* TintColor.swift in Sources */ = {isa = PBXBuildFile; fileRef = C63C9D652BE18DC3007A7144 /* TintColor.swift */; };
		C63C9D692BE18F05007A7144 /* Recents.swift in Sources */ = {isa = PBXBuildFile; fileRef = C63C9D682BE18F05007A7144 /* Recents.swift */; };
		C63C9D6B2BE18F13007A7144 /* Search.swift in Sources */ = {isa = PBXBuildFile; fileRef = C63C9D6A2BE18F13007A7144 /* Search.swift */; };
		C63C9D6D2BE18F26007A7144 /* Graphs.swift in Sources */ = {isa = PBXBuildFile; fileRef = C63C9D6C2BE18F26007A7144 /* Graphs.swift */; };
		C63C9D6F2BE18F34007A7144 /* Settings.swift in Sources */ = {isa = PBXBuildFile; fileRef = C63C9D6E2BE18F34007A7144 /* Settings.swift */; };
		C63C9D712BE19135007A7144 /* View+Extensions.swift in Sources */ = {isa = PBXBuildFile; fileRef = C63C9D702BE19135007A7144 /* View+Extensions.swift */; };
		C63C9D732BE1985F007A7144 /* Date+Extensions.swift in Sources */ = {isa = PBXBuildFile; fileRef = C63C9D722BE1985F007A7144 /* Date+Extensions.swift */; };
		C63C9D762BE19B2B007A7144 /* CardView.swift in Sources */ = {isa = PBXBuildFile; fileRef = C63C9D752BE19B2B007A7144 /* CardView.swift */; };
		C6634A882BE3EAF500D1F9EB /* TransactionCardView.swift in Sources */ = {isa = PBXBuildFile; fileRef = C6634A872BE3EAF500D1F9EB /* TransactionCardView.swift */; };
		C69199C12BDEC5EF00CD86BC /* ExpenseTrackerApp.swift in Sources */ = {isa = PBXBuildFile; fileRef = C69199C02BDEC5EF00CD86BC /* ExpenseTrackerApp.swift */; };
		C69199C32BDEC5EF00CD86BC /* ContentView.swift in Sources */ = {isa = PBXBuildFile; fileRef = C69199C22BDEC5EF00CD86BC /* ContentView.swift */; };
		C69199C52BDEC5F100CD86BC /* Assets.xcassets in Resources */ = {isa = PBXBuildFile; fileRef = C69199C42BDEC5F100CD86BC /* Assets.xcassets */; };
		C69199C82BDEC5F100CD86BC /* Preview Assets.xcassets in Resources */ = {isa = PBXBuildFile; fileRef = C69199C72BDEC5F100CD86BC /* Preview Assets.xcassets */; };
		C69199D32BDECB3C00CD86BC /* IntroScreen.swift in Sources */ = {isa = PBXBuildFile; fileRef = C69199D22BDECB3C00CD86BC /* IntroScreen.swift */; };
		C69199D62BDECD4400CD86BC /* Constants.swift in Sources */ = {isa = PBXBuildFile; fileRef = C69199D52BDECD4400CD86BC /* Constants.swift */; };
		C69199D82BDECFFF00CD86BC /* Tab.swift in Sources */ = {isa = PBXBuildFile; fileRef = C69199D72BDECFFF00CD86BC /* Tab.swift */; };
/* End PBXBuildFile section */

/* Begin PBXFileReference section */
		C63C9D612BE18C8A007A7144 /* Category.swift */ = {isa = PBXFileReference; lastKnownFileType = sourcecode.swift; path = Category.swift; sourceTree = "<group>"; };
		C63C9D632BE18CC6007A7144 /* Transaction.swift */ = {isa = PBXFileReference; lastKnownFileType = sourcecode.swift; path = Transaction.swift; sourceTree = "<group>"; };
		C63C9D652BE18DC3007A7144 /* TintColor.swift */ = {isa = PBXFileReference; lastKnownFileType = sourcecode.swift; path = TintColor.swift; sourceTree = "<group>"; };
		C63C9D682BE18F05007A7144 /* Recents.swift */ = {isa = PBXFileReference; lastKnownFileType = sourcecode.swift; path = Recents.swift; sourceTree = "<group>"; };
		C63C9D6A2BE18F13007A7144 /* Search.swift */ = {isa = PBXFileReference; lastKnownFileType = sourcecode.swift; path = Search.swift; sourceTree = "<group>"; };
		C63C9D6C2BE18F26007A7144 /* Graphs.swift */ = {isa = PBXFileReference; lastKnownFileType = sourcecode.swift; path = Graphs.swift; sourceTree = "<group>"; };
		C63C9D6E2BE18F34007A7144 /* Settings.swift */ = {isa = PBXFileReference; lastKnownFileType = sourcecode.swift; path = Settings.swift; sourceTree = "<group>"; };
		C63C9D702BE19135007A7144 /* View+Extensions.swift */ = {isa = PBXFileReference; lastKnownFileType = sourcecode.swift; path = "View+Extensions.swift"; sourceTree = "<group>"; };
		C63C9D722BE1985F007A7144 /* Date+Extensions.swift */ = {isa = PBXFileReference; lastKnownFileType = sourcecode.swift; path = "Date+Extensions.swift"; sourceTree = "<group>"; };
		C63C9D752BE19B2B007A7144 /* CardView.swift */ = {isa = PBXFileReference; lastKnownFileType = sourcecode.swift; path = CardView.swift; sourceTree = "<group>"; };
		C6634A872BE3EAF500D1F9EB /* TransactionCardView.swift */ = {isa = PBXFileReference; lastKnownFileType = sourcecode.swift; path = TransactionCardView.swift; sourceTree = "<group>"; };
		C69199BD2BDEC5EF00CD86BC /* ExpenseTracker.app */ = {isa = PBXFileReference; explicitFileType = wrapper.application; includeInIndex = 0; path = ExpenseTracker.app; sourceTree = BUILT_PRODUCTS_DIR; };
		C69199C02BDEC5EF00CD86BC /* ExpenseTrackerApp.swift */ = {isa = PBXFileReference; lastKnownFileType = sourcecode.swift; path = ExpenseTrackerApp.swift; sourceTree = "<group>"; };
		C69199C22BDEC5EF00CD86BC /* ContentView.swift */ = {isa = PBXFileReference; lastKnownFileType = sourcecode.swift; path = ContentView.swift; sourceTree = "<group>"; };
		C69199C42BDEC5F100CD86BC /* Assets.xcassets */ = {isa = PBXFileReference; lastKnownFileType = folder.assetcatalog; path = Assets.xcassets; sourceTree = "<group>"; };
		C69199C72BDEC5F100CD86BC /* Preview Assets.xcassets */ = {isa = PBXFileReference; lastKnownFileType = folder.assetcatalog; path = "Preview Assets.xcassets"; sourceTree = "<group>"; };
		C69199D22BDECB3C00CD86BC /* IntroScreen.swift */ = {isa = PBXFileReference; lastKnownFileType = sourcecode.swift; path = IntroScreen.swift; sourceTree = "<group>"; };
		C69199D52BDECD4400CD86BC /* Constants.swift */ = {isa = PBXFileReference; lastKnownFileType = sourcecode.swift; path = Constants.swift; sourceTree = "<group>"; };
		C69199D72BDECFFF00CD86BC /* Tab.swift */ = {isa = PBXFileReference; lastKnownFileType = sourcecode.swift; path = Tab.swift; sourceTree = "<group>"; };
/* End PBXFileReference section */

/* Begin PBXFrameworksBuildPhase section */
		C69199BA2BDEC5EF00CD86BC /* Frameworks */ = {
			isa = PBXFrameworksBuildPhase;
			buildActionMask = 2147483647;
			files = (
			);
			runOnlyForDeploymentPostprocessing = 0;
		};
/* End PBXFrameworksBuildPhase section */

/* Begin PBXGroup section */
		C63C9D672BE18EF5007A7144 /* TabViews */ = {
			isa = PBXGroup;
			children = (
				C63C9D682BE18F05007A7144 /* Recents.swift */,
				C63C9D6A2BE18F13007A7144 /* Search.swift */,
				C63C9D6C2BE18F26007A7144 /* Graphs.swift */,
				C63C9D6E2BE18F34007A7144 /* Settings.swift */,
			);
			path = TabViews;
			sourceTree = "<group>";
		};
		C63C9D742BE19B15007A7144 /* Helpers */ = {
			isa = PBXGroup;
			children = (
				C63C9D752BE19B2B007A7144 /* CardView.swift */,
				C6634A872BE3EAF500D1F9EB /* TransactionCardView.swift */,
			);
			path = Helpers;
			sourceTree = "<group>";
		};
		C69199B42BDEC5EF00CD86BC = {
			isa = PBXGroup;
			children = (
				C69199BF2BDEC5EF00CD86BC /* ExpenseTracker */,
				C69199BE2BDEC5EF00CD86BC /* Products */,
			);
			sourceTree = "<group>";
		};
		C69199BE2BDEC5EF00CD86BC /* Products */ = {
			isa = PBXGroup;
			children = (
				C69199BD2BDEC5EF00CD86BC /* ExpenseTracker.app */,
			);
			name = Products;
			sourceTree = "<group>";
		};
		C69199BF2BDEC5EF00CD86BC /* ExpenseTracker */ = {
			isa = PBXGroup;
			children = (
				C69199D42BDECD1F00CD86BC /* Helpers */,
				C69199D12BDECB0800CD86BC /* Model */,
				C69199D02BDECAFC00CD86BC /* View */,
				C69199C02BDEC5EF00CD86BC /* ExpenseTrackerApp.swift */,
				C69199C22BDEC5EF00CD86BC /* ContentView.swift */,
				C69199C42BDEC5F100CD86BC /* Assets.xcassets */,
				C69199C62BDEC5F100CD86BC /* Preview Content */,
			);
			path = ExpenseTracker;
			sourceTree = "<group>";
		};
		C69199C62BDEC5F100CD86BC /* Preview Content */ = {
			isa = PBXGroup;
			children = (
				C69199C72BDEC5F100CD86BC /* Preview Assets.xcassets */,
			);
			path = "Preview Content";
			sourceTree = "<group>";
		};
		C69199D02BDECAFC00CD86BC /* View */ = {
			isa = PBXGroup;
			children = (
				C63C9D742BE19B15007A7144 /* Helpers */,
				C63C9D672BE18EF5007A7144 /* TabViews */,
				C69199D22BDECB3C00CD86BC /* IntroScreen.swift */,
			);
			path = View;
			sourceTree = "<group>";
		};
		C69199D12BDECB0800CD86BC /* Model */ = {
			isa = PBXGroup;
			children = (
				C69199D72BDECFFF00CD86BC /* Tab.swift */,
				C63C9D612BE18C8A007A7144 /* Category.swift */,
				C63C9D632BE18CC6007A7144 /* Transaction.swift */,
				C63C9D652BE18DC3007A7144 /* TintColor.swift */,
			);
			path = Model;
			sourceTree = "<group>";
		};
		C69199D42BDECD1F00CD86BC /* Helpers */ = {
			isa = PBXGroup;
			children = (
				C69199D52BDECD4400CD86BC /* Constants.swift */,
				C63C9D702BE19135007A7144 /* View+Extensions.swift */,
				C63C9D722BE1985F007A7144 /* Date+Extensions.swift */,
			);
			path = Helpers;
			sourceTree = "<group>";
		};
/* End PBXGroup section */

/* Begin PBXNativeTarget section */
		C69199BC2BDEC5EF00CD86BC /* ExpenseTracker */ = {
			isa = PBXNativeTarget;
			buildConfigurationList = C69199CB2BDEC5F100CD86BC /* Build configuration list for PBXNativeTarget "ExpenseTracker" */;
			buildPhases = (
				C69199B92BDEC5EF00CD86BC /* Sources */,
				C69199BA2BDEC5EF00CD86BC /* Frameworks */,
				C69199BB2BDEC5EF00CD86BC /* Resources */,
			);
			buildRules = (
			);
			dependencies = (
			);
			name = ExpenseTracker;
			productName = ExpenseTracker;
			productReference = C69199BD2BDEC5EF00CD86BC /* ExpenseTracker.app */;
			productType = "com.apple.product-type.application";
		};
/* End PBXNativeTarget section */

/* Begin PBXProject section */
		C69199B52BDEC5EF00CD86BC /* Project object */ = {
			isa = PBXProject;
			attributes = {
				BuildIndependentTargetsInParallel = 1;
				LastSwiftUpdateCheck = 1530;
				LastUpgradeCheck = 1530;
				TargetAttributes = {
					C69199BC2BDEC5EF00CD86BC = {
						CreatedOnToolsVersion = 15.3;
					};
				};
			};
			buildConfigurationList = C69199B82BDEC5EF00CD86BC /* Build configuration list for PBXProject "ExpenseTracker" */;
			compatibilityVersion = "Xcode 14.0";
			developmentRegion = en;
			hasScannedForEncodings = 0;
			knownRegions = (
				en,
				Base,
			);
			mainGroup = C69199B42BDEC5EF00CD86BC;
			productRefGroup = C69199BE2BDEC5EF00CD86BC /* Products */;
			projectDirPath = "";
			projectRoot = "";
			targets = (
				C69199BC2BDEC5EF00CD86BC /* ExpenseTracker */,
			);
		};
/* End PBXProject section */

/* Begin PBXResourcesBuildPhase section */
		C69199BB2BDEC5EF00CD86BC /* Resources */ = {
			isa = PBXResourcesBuildPhase;
			buildActionMask = 2147483647;
			files = (
				C69199C82BDEC5F100CD86BC /* Preview Assets.xcassets in Resources */,
				C69199C52BDEC5F100CD86BC /* Assets.xcassets in Resources */,
			);
			runOnlyForDeploymentPostprocessing = 0;
		};
/* End PBXResourcesBuildPhase section */

/* Begin PBXSourcesBuildPhase section */
		C69199B92BDEC5EF00CD86BC /* Sources */ = {
			isa = PBXSourcesBuildPhase;
			buildActionMask = 2147483647;
			files = (
				C63C9D662BE18DC3007A7144 /* TintColor.swift in Sources */,
				C63C9D692BE18F05007A7144 /* Recents.swift in Sources */,
				C63C9D642BE18CC6007A7144 /* Transaction.swift in Sources */,
				C69199C32BDEC5EF00CD86BC /* ContentView.swift in Sources */,
				C63C9D762BE19B2B007A7144 /* CardView.swift in Sources */,
				C69199D32BDECB3C00CD86BC /* IntroScreen.swift in Sources */,
				C69199D82BDECFFF00CD86BC /* Tab.swift in Sources */,
				C63C9D6F2BE18F34007A7144 /* Settings.swift in Sources */,
				C69199C12BDEC5EF00CD86BC /* ExpenseTrackerApp.swift in Sources */,
				C63C9D6B2BE18F13007A7144 /* Search.swift in Sources */,
				C63C9D732BE1985F007A7144 /* Date+Extensions.swift in Sources */,
				C63C9D712BE19135007A7144 /* View+Extensions.swift in Sources */,
				C69199D62BDECD4400CD86BC /* Constants.swift in Sources */,
				C63C9D6D2BE18F26007A7144 /* Graphs.swift in Sources */,
				C63C9D622BE18C8A007A7144 /* Category.swift in Sources */,
				C6634A882BE3EAF500D1F9EB /* TransactionCardView.swift in Sources */,
			);
			runOnlyForDeploymentPostprocessing = 0;
		};
/* End PBXSourcesBuildPhase section */

/* Begin XCBuildConfiguration section */
		C69199C92BDEC5F100CD86BC /* Debug */ = {
			isa = XCBuildConfiguration;
			buildSettings = {
				ALWAYS_SEARCH_USER_PATHS = NO;
				ASSETCATALOG_COMPILER_GENERATE_SWIFT_ASSET_SYMBOL_EXTENSIONS = YES;
				CLANG_ANALYZER_NONNULL = YES;
				CLANG_ANALYZER_NUMBER_OBJECT_CONVERSION = YES_AGGRESSIVE;
				CLANG_CXX_LANGUAGE_STANDARD = "gnu++20";
				CLANG_ENABLE_MODULES = YES;
				CLANG_ENABLE_OBJC_ARC = YES;
				CLANG_ENABLE_OBJC_WEAK = YES;
				CLANG_WARN_BLOCK_CAPTURE_AUTORELEASING = YES;
				CLANG_WARN_BOOL_CONVERSION = YES;
				CLANG_WARN_COMMA = YES;
				CLANG_WARN_CONSTANT_CONVERSION = YES;
				CLANG_WARN_DEPRECATED_OBJC_IMPLEMENTATIONS = YES;
				CLANG_WARN_DIRECT_OBJC_ISA_USAGE = YES_ERROR;
				CLANG_WARN_DOCUMENTATION_COMMENTS = YES;
				CLANG_WARN_EMPTY_BODY = YES;
				CLANG_WARN_ENUM_CONVERSION = YES;
				CLANG_WARN_INFINITE_RECURSION = YES;
				CLANG_WARN_INT_CONVERSION = YES;
				CLANG_WARN_NON_LITERAL_NULL_CONVERSION = YES;
				CLANG_WARN_OBJC_IMPLICIT_RETAIN_SELF = YES;
				CLANG_WARN_OBJC_LITERAL_CONVERSION = YES;
				CLANG_WARN_OBJC_ROOT_CLASS = YES_ERROR;
				CLANG_WARN_QUOTED_INCLUDE_IN_FRAMEWORK_HEADER = YES;
				CLANG_WARN_RANGE_LOOP_ANALYSIS = YES;
				CLANG_WARN_STRICT_PROTOTYPES = YES;
				CLANG_WARN_SUSPICIOUS_MOVE = YES;
				CLANG_WARN_UNGUARDED_AVAILABILITY = YES_AGGRESSIVE;
				CLANG_WARN_UNREACHABLE_CODE = YES;
				CLANG_WARN__DUPLICATE_METHOD_MATCH = YES;
				COPY_PHASE_STRIP = NO;
				DEBUG_INFORMATION_FORMAT = dwarf;
				ENABLE_STRICT_OBJC_MSGSEND = YES;
				ENABLE_TESTABILITY = YES;
				ENABLE_USER_SCRIPT_SANDBOXING = YES;
				GCC_C_LANGUAGE_STANDARD = gnu17;
				GCC_DYNAMIC_NO_PIC = NO;
				GCC_NO_COMMON_BLOCKS = YES;
				GCC_OPTIMIZATION_LEVEL = 0;
				GCC_PREPROCESSOR_DEFINITIONS = (
					"DEBUG=1",
					"$(inherited)",
				);
				GCC_WARN_64_TO_32_BIT_CONVERSION = YES;
				GCC_WARN_ABOUT_RETURN_TYPE = YES_ERROR;
				GCC_WARN_UNDECLARED_SELECTOR = YES;
				GCC_WARN_UNINITIALIZED_AUTOS = YES_AGGRESSIVE;
				GCC_WARN_UNUSED_FUNCTION = YES;
				GCC_WARN_UNUSED_VARIABLE = YES;
				IPHONEOS_DEPLOYMENT_TARGET = 17.4;
				LOCALIZATION_PREFERS_STRING_CATALOGS = YES;
				MTL_ENABLE_DEBUG_INFO = INCLUDE_SOURCE;
				MTL_FAST_MATH = YES;
				ONLY_ACTIVE_ARCH = YES;
				SDKROOT = iphoneos;
				SWIFT_ACTIVE_COMPILATION_CONDITIONS = "DEBUG $(inherited)";
				SWIFT_OPTIMIZATION_LEVEL = "-Onone";
			};
			name = Debug;
		};
		C69199CA2BDEC5F100CD86BC /* Release */ = {
			isa = XCBuildConfiguration;
			buildSettings = {
				ALWAYS_SEARCH_USER_PATHS = NO;
				ASSETCATALOG_COMPILER_GENERATE_SWIFT_ASSET_SYMBOL_EXTENSIONS = YES;
				CLANG_ANALYZER_NONNULL = YES;
				CLANG_ANALYZER_NUMBER_OBJECT_CONVERSION = YES_AGGRESSIVE;
				CLANG_CXX_LANGUAGE_STANDARD = "gnu++20";
				CLANG_ENABLE_MODULES = YES;
				CLANG_ENABLE_OBJC_ARC = YES;
				CLANG_ENABLE_OBJC_WEAK = YES;
				CLANG_WARN_BLOCK_CAPTURE_AUTORELEASING = YES;
				CLANG_WARN_BOOL_CONVERSION = YES;
				CLANG_WARN_COMMA = YES;
				CLANG_WARN_CONSTANT_CONVERSION = YES;
				CLANG_WARN_DEPRECATED_OBJC_IMPLEMENTATIONS = YES;
				CLANG_WARN_DIRECT_OBJC_ISA_USAGE = YES_ERROR;
				CLANG_WARN_DOCUMENTATION_COMMENTS = YES;
				CLANG_WARN_EMPTY_BODY = YES;
				CLANG_WARN_ENUM_CONVERSION = YES;
				CLANG_WARN_INFINITE_RECURSION = YES;
				CLANG_WARN_INT_CONVERSION = YES;
				CLANG_WARN_NON_LITERAL_NULL_CONVERSION = YES;
				CLANG_WARN_OBJC_IMPLICIT_RETAIN_SELF = YES;
				CLANG_WARN_OBJC_LITERAL_CONVERSION = YES;
				CLANG_WARN_OBJC_ROOT_CLASS = YES_ERROR;
				CLANG_WARN_QUOTED_INCLUDE_IN_FRAMEWORK_HEADER = YES;
				CLANG_WARN_RANGE_LOOP_ANALYSIS = YES;
				CLANG_WARN_STRICT_PROTOTYPES = YES;
				CLANG_WARN_SUSPICIOUS_MOVE = YES;
				CLANG_WARN_UNGUARDED_AVAILABILITY = YES_AGGRESSIVE;
				CLANG_WARN_UNREACHABLE_CODE = YES;
				CLANG_WARN__DUPLICATE_METHOD_MATCH = YES;
				COPY_PHASE_STRIP = NO;
				DEBUG_INFORMATION_FORMAT = "dwarf-with-dsym";
				ENABLE_NS_ASSERTIONS = NO;
				ENABLE_STRICT_OBJC_MSGSEND = YES;
				ENABLE_USER_SCRIPT_SANDBOXING = YES;
				GCC_C_LANGUAGE_STANDARD = gnu17;
				GCC_NO_COMMON_BLOCKS = YES;
				GCC_WARN_64_TO_32_BIT_CONVERSION = YES;
				GCC_WARN_ABOUT_RETURN_TYPE = YES_ERROR;
				GCC_WARN_UNDECLARED_SELECTOR = YES;
				GCC_WARN_UNINITIALIZED_AUTOS = YES_AGGRESSIVE;
				GCC_WARN_UNUSED_FUNCTION = YES;
				GCC_WARN_UNUSED_VARIABLE = YES;
				IPHONEOS_DEPLOYMENT_TARGET = 17.4;
				LOCALIZATION_PREFERS_STRING_CATALOGS = YES;
				MTL_ENABLE_DEBUG_INFO = NO;
				MTL_FAST_MATH = YES;
				SDKROOT = iphoneos;
				SWIFT_COMPILATION_MODE = wholemodule;
				VALIDATE_PRODUCT = YES;
			};
			name = Release;
		};
		C69199CC2BDEC5F100CD86BC /* Debug */ = {
			isa = XCBuildConfiguration;
			buildSettings = {
				ASSETCATALOG_COMPILER_APPICON_NAME = AppIcon;
				ASSETCATALOG_COMPILER_GLOBAL_ACCENT_COLOR_NAME = AccentColor;
				CODE_SIGN_STYLE = Automatic;
				CURRENT_PROJECT_VERSION = 1;
				DEVELOPMENT_ASSET_PATHS = "\"ExpenseTracker/Preview Content\"";
				DEVELOPMENT_TEAM = 754F55PFQ9;
				ENABLE_PREVIEWS = YES;
				GENERATE_INFOPLIST_FILE = YES;
				INFOPLIST_KEY_UIApplicationSceneManifest_Generation = YES;
				INFOPLIST_KEY_UIApplicationSupportsIndirectInputEvents = YES;
				INFOPLIST_KEY_UILaunchScreen_Generation = YES;
				INFOPLIST_KEY_UISupportedInterfaceOrientations_iPad = "UIInterfaceOrientationPortrait UIInterfaceOrientationPortraitUpsideDown UIInterfaceOrientationLandscapeLeft UIInterfaceOrientationLandscapeRight";
				INFOPLIST_KEY_UISupportedInterfaceOrientations_iPhone = "UIInterfaceOrientationPortrait UIInterfaceOrientationLandscapeLeft UIInterfaceOrientationLandscapeRight";
				LD_RUNPATH_SEARCH_PATHS = (
					"$(inherited)",
					"@executable_path/Frameworks",
				);
				MARKETING_VERSION = 1.0;
				PRODUCT_BUNDLE_IDENTIFIER = ca.troyparsons.ExpenseTracker;
				PRODUCT_NAME = "$(TARGET_NAME)";
				SWIFT_EMIT_LOC_STRINGS = YES;
				SWIFT_VERSION = 5.0;
				TARGETED_DEVICE_FAMILY = "1,2";
			};
			name = Debug;
		};
		C69199CD2BDEC5F100CD86BC /* Release */ = {
			isa = XCBuildConfiguration;
			buildSettings = {
				ASSETCATALOG_COMPILER_APPICON_NAME = AppIcon;
				ASSETCATALOG_COMPILER_GLOBAL_ACCENT_COLOR_NAME = AccentColor;
				CODE_SIGN_STYLE = Automatic;
				CURRENT_PROJECT_VERSION = 1;
				DEVELOPMENT_ASSET_PATHS = "\"ExpenseTracker/Preview Content\"";
				DEVELOPMENT_TEAM = 754F55PFQ9;
				ENABLE_PREVIEWS = YES;
				GENERATE_INFOPLIST_FILE = YES;
				INFOPLIST_KEY_UIApplicationSceneManifest_Generation = YES;
				INFOPLIST_KEY_UIApplicationSupportsIndirectInputEvents = YES;
				INFOPLIST_KEY_UILaunchScreen_Generation = YES;
				INFOPLIST_KEY_UISupportedInterfaceOrientations_iPad = "UIInterfaceOrientationPortrait UIInterfaceOrientationPortraitUpsideDown UIInterfaceOrientationLandscapeLeft UIInterfaceOrientationLandscapeRight";
				INFOPLIST_KEY_UISupportedInterfaceOrientations_iPhone = "UIInterfaceOrientationPortrait UIInterfaceOrientationLandscapeLeft UIInterfaceOrientationLandscapeRight";
				LD_RUNPATH_SEARCH_PATHS = (
					"$(inherited)",
					"@executable_path/Frameworks",
				);
				MARKETING_VERSION = 1.0;
				PRODUCT_BUNDLE_IDENTIFIER = ca.troyparsons.ExpenseTracker;
				PRODUCT_NAME = "$(TARGET_NAME)";
				SWIFT_EMIT_LOC_STRINGS = YES;
				SWIFT_VERSION = 5.0;
				TARGETED_DEVICE_FAMILY = "1,2";
			};
			name = Release;
		};
/* End XCBuildConfiguration section */

/* Begin XCConfigurationList section */
		C69199B82BDEC5EF00CD86BC /* Build configuration list for PBXProject "ExpenseTracker" */ = {
			isa = XCConfigurationList;
			buildConfigurations = (
				C69199C92BDEC5F100CD86BC /* Debug */,
				C69199CA2BDEC5F100CD86BC /* Release */,
			);
			defaultConfigurationIsVisible = 0;
			defaultConfigurationName = Release;
		};
		C69199CB2BDEC5F100CD86BC /* Build configuration list for PBXNativeTarget "ExpenseTracker" */ = {
			isa = XCConfigurationList;
			buildConfigurations = (
				C69199CC2BDEC5F100CD86BC /* Debug */,
				C69199CD2BDEC5F100CD86BC /* Release */,
			);
			defaultConfigurationIsVisible = 0;
			defaultConfigurationName = Release;
		};
/* End XCConfigurationList section */
	};
	rootObject = C69199B52BDEC5EF00CD86BC /* Project object */;
}
